
Microsoft Visual Studio Solution File, Format Version 12.00
# Visual Studio Version 17
VisualStudioVersion = 17.14.36310.24 d17.14
MinimumVisualStudioVersion = 10.0.40219.1
Project("{FAE04EC0-301F-11D3-BF4B-00C04F79EFBC}") = "ConsoleApp1", "ConsoleApp1\ConsoleApp1.csproj", "{743B204E-62F3-417E-870A-F89969B8DE8C}"
EndProject
Global
	GlobalSection(SolutionConfigurationPlatforms) = preSolution
		Debug|Any CPU = Debug|Any CPU
		Release|Any CPU = Release|Any CPU
	EndGlobalSection
	GlobalSection(ProjectConfigurationPlatforms) = postSolution
		{743B204E-62F3-417E-870A-F89969B8DE8C}.Debug|Any CPU.ActiveCfg = Debug|Any CPU
		{743B204E-62F3-417E-870A-F89969B8DE8C}.Debug|Any CPU.Build.0 = Debug|Any CPU
		{743B204E-62F3-417E-870A-F89969B8DE8C}.Release|Any CPU.ActiveCfg = Release|Any CPU
		{743B204E-62F3-417E-870A-F89969B8DE8C}.Release|Any CPU.Build.0 = Release|Any CPU
	EndGlobalSection
	GlobalSection(SolutionProperties) = preSolution
		HideSolutionNode = FALSE
	EndGlobalSection
	GlobalSection(ExtensibilityGlobals) = postSolution
		SolutionGuid = {552F9A19-89B7-42AF-92F8-BB647D9392B9}
	EndGlobalSection
EndGlobal
